{
  "nodes": {
    "crane": {
      "locked": {
        "lastModified": 1773189535,
        "narHash": "sha256-E1G/Or6MWeP+L6mpQ0iTFLpzSzlpGrITfU2220Gq47g=",
        "owner": "ipetkov",
        "repo": "crane",
        "rev": "6fa2fb4cf4a89ba49fc9dd5a3eb6cde99d388269",
        "type": "github"
      },
      "original": {
        "owner": "ipetkov",
        "repo": "crane",
        "type": "github"
      }
    },
    "fenix": {
      "inputs": {
        "nixpkgs": [
          "nixpkgs"
        ],
        "rust-analyzer-src": "rust-analyzer-src"
      },
      "locked": {
        "lastModified": 1773213034,
        "narHash": "sha256-XX02kIGvcsVZKiRwr3COkBIZ5s+TP9gfRkW2Oad6hqE=",
        "owner": "nix-community",
        "repo": "fenix",
        "rev": "42f953f569ac5761b197ca51c25cf1f9ceb78448",
        "type": "github"
      },
      "original": {
        "owner": "nix-community",
        "repo": "fenix",
        "type": "github"
      }
    },
    "nixpkgs": {
      "locked": {
        "lastModified": 1773110118,
        "narHash": "sha256-mPAG8phMbCReKSiKAijjjd3v7uVcJOQ75gSjGJjt/Rk=",
        "owner": "NixOS",
        "repo": "nixpkgs",
        "rev": "e607cb5360ff1234862ac9f8839522becb853bb9",
        "type": "github"
      },
      "original": {
        "owner": "NixOS",
        "ref": "nixpkgs-unstable",
        "repo": "nixpkgs",
        "type": "github"
      }
    },
    "nixpkgs_2": {
      "locked": {
        "lastModified": 1744536153,
        "narHash": "sha256-awS2zRgF4uTwrOKwwiJcByDzDOdo3Q1rPZbiHQg/N38=",
        "owner": "NixOS",
        "repo": "nixpkgs",
        "rev": "18dd725c29603f582cf1900e0d25f9f1063dbf11",
        "type": "github"
      },
      "original": {
        "owner": "NixOS",
        "ref": "nixpkgs-unstable",
        "repo": "nixpkgs",
        "type": "github"
      }
    },
    "root": {
      "inputs": {
        "crane": "crane",
        "fenix": "fenix",
        "nixpkgs": "nixpkgs",
        "solidity-ibc-eureka": "solidity-ibc-eureka",
        "sp1-nix": "sp1-nix"
      }
    },
    "rust-analyzer-src": {
      "flake": false,
      "locked": {
        "lastModified": 1773182115,
        "narHash": "sha256-m3tXlrz8qG9IXPvhImtLyKUbsSXx46HFbzNFNlbwPno=",
        "owner": "rust-lang",
        "repo": "rust-analyzer",
        "rev": "e0269ce3f2ff14bdf220e7bdf12e80f4431897a1",
        "type": "github"
      },
      "original": {
        "owner": "rust-lang",
        "ref": "nightly",
        "repo": "rust-analyzer",
        "type": "github"
      }
    },
    "rust-overlay": {
      "inputs": {
        "nixpkgs": "nixpkgs_2"
      },
      "locked": {
        "lastModified": 1773544328,
        "narHash": "sha256-Iv+qez54LAz+isij4APBk31VWA//Go81hwFOXr5iWTw=",
        "owner": "oxalica",
        "repo": "rust-overlay",
        "rev": "4f977d776793c8bfbfdd7eca7835847ccc48874e",
        "type": "github"
      },
      "original": {
        "owner": "oxalica",
        "repo": "rust-overlay",
        "type": "github"
      }
    },
    "solidity-ibc-eureka": {
      "flake": false,
      "locked": {
        "lastModified": 1773418149,
        "narHash": "sha256-w8yxhusAKHysb2estxKyQdeCgPpxPCG3U9wVN532tFc=",
        "owner": "cosmos",
        "repo": "solidity-ibc-eureka",
        "rev": "86505ac8c69be4e955f8b7d3baafbd0fddaeefee",
        "type": "github"
      },
      "original": {
        "owner": "cosmos",
        "repo": "solidity-ibc-eureka",
        "rev": "86505ac8c69be4e955f8b7d3baafbd0fddaeefee",
        "type": "github"
      }
    },
    "sp1-nix": {
      "inputs": {
        "nixpkgs": [
          "nixpkgs"
        ],
        "rust-overlay": "rust-overlay",
        "sp1-src": "sp1-src",
        "systems": "systems"
      },
      "locked": {
        "lastModified": 1773609191,
        "narHash": "sha256-r/BDboURGqrSFuKIrOyKHm4086qsT4nmAStfb9xXJ/4=",
        "owner": "vaporif",
        "repo": "sp1.nix",
        "rev": "9dcba9db96ce7af0aeb8e4574a1f7e1722edc7ea",
        "type": "github"
      },
      "original": {
        "owner": "vaporif",
        "repo": "sp1.nix",
        "type": "github"
      }
    },
    "sp1-src": {
      "flake": false,
      "locked": {
        "lastModified": 1772117612,
        "narHash": "sha256-DJ3/BlGJX9eLsBPMsmKtnoJYF9vgkxKn32dybQVggxA=",
        "owner": "succinctlabs",
        "repo": "sp1",
        "rev": "7028cb0976aa8e0f5422c526a43eb25b8badd75b",
        "type": "github"
      },
      "original": {
        "owner": "succinctlabs",
        "ref": "v6.0.2",
        "repo": "sp1",
        "type": "github"
      }
    },
    "systems": {
      "locked": {
        "lastModified": 1681028828,
        "narHash": "sha256-Vy1rq5AaRuLzOxct8nz4T6wlgyUR7zLU309k9mBC768=",
        "owner": "nix-systems",
        "repo": "default",
        "rev": "da67096a3b9bf56a91d16901293e51ba5b49a27e",
        "type": "github"
      },
      "original": {
        "owner": "nix-systems",
        "repo": "default",
        "type": "github"
      }
    }
  },
  "root": "root",
  "version": 7
}
