{
  "nodes": {
    "anchor": {
      "inputs": {
        "crane": [
          "crane"
        ],
        "flake-compat": "flake-compat",
        "nixpkgs": [
          "nixpkgs"
        ],
        "rust-overlay": "rust-overlay",
        "systems": "systems"
      },
      "locked": {
        "lastModified": 1775579084,
        "narHash": "sha256-r+6PEjsHQSl3Zt2sIipN1veuK9TmYlFrGXs9LXc7VgE=",
        "owner": "vaporif",
        "repo": "anchor-overlay",
        "rev": "f6ff7765f47a201ac230bf1c029ae23950030eef",
        "type": "github"
      },
      "original": {
        "owner": "vaporif",
        "repo": "anchor-overlay",
        "type": "github"
      }
    },
    "blueprint": {
      "inputs": {
        "nixpkgs": [
          "ethereum-nix",
          "nixpkgs"
        ],
        "systems": "systems_2"
      },
      "locked": {
        "lastModified": 1771437256,
        "narHash": "sha256-bLqwib+rtyBRRVBWhMuBXPCL/OThfokA+j6+uH7jDGU=",
        "owner": "numtide",
        "repo": "blueprint",
        "rev": "06ee7190dc2620ea98af9eb225aa9627b68b0e33",
        "type": "github"
      },
      "original": {
        "owner": "numtide",
        "repo": "blueprint",
        "type": "github"
      }
    },
    "crane": {
      "locked": {
        "lastModified": 1775236976,
        "narHash": "sha256-gCgX+AXN7K1gAIEqcLcZHxmC+QoZcwn9m6Z9r2Az+N8=",
        "owner": "ipetkov",
        "repo": "crane",
        "rev": "6c23998526351a53ce734f0ac84940da988ccef1",
        "type": "github"
      },
      "original": {
        "owner": "ipetkov",
        "repo": "crane",
        "type": "github"
      }
    },
    "ethereum-nix": {
      "inputs": {
        "blueprint": "blueprint",
        "nixpkgs": [
          "nixpkgs"
        ],
        "treefmt-nix": "treefmt-nix"
      },
      "locked": {
        "lastModified": 1775577499,
        "narHash": "sha256-dPJaloEt5j42ecLG2h5jwgZ1vnh4bVp+J3qnuupN5lI=",
        "owner": "nix-community",
        "repo": "ethereum.nix",
        "rev": "38eb58ab159828cc633170cac1640e7628f2ff8e",
        "type": "github"
      },
      "original": {
        "owner": "nix-community",
        "repo": "ethereum.nix",
        "type": "github"
      }
    },
    "fenix": {
      "inputs": {
        "nixpkgs": [
          "nixpkgs"
        ],
        "rust-analyzer-src": "rust-analyzer-src"
      },
      "locked": {
        "lastModified": 1775547409,
        "narHash": "sha256-dNIhLmwrR7N78amgliAJvFx58RjrhDWorV9B9Kiayeo=",
        "owner": "nix-community",
        "repo": "fenix",
        "rev": "a260dea172f86c7afa65cec0c6e6a9dd91530017",
        "type": "github"
      },
      "original": {
        "owner": "nix-community",
        "repo": "fenix",
        "type": "github"
      }
    },
    "flake-compat": {
      "locked": {
        "lastModified": 1767039857,
        "narHash": "sha256-vNpUSpF5Nuw8xvDLj2KCwwksIbjua2LZCqhV1LNRDns=",
        "owner": "edolstra",
        "repo": "flake-compat",
        "rev": "5edf11c44bc78a0d334f6334cdaf7d60d732daab",
        "type": "github"
      },
      "original": {
        "owner": "edolstra",
        "repo": "flake-compat",
        "type": "github"
      }
    },
    "nixpkgs": {
      "locked": {
        "lastModified": 1775549110,
        "narHash": "sha256-gCXSLBI1drlFwYlNqqPS9cFXvraaEGyLS8Sq45p7b/Q=",
        "owner": "NixOS",
        "repo": "nixpkgs",
        "rev": "a3db02183b5da6fbf728203492a5d1b9d109b7f9",
        "type": "github"
      },
      "original": {
        "owner": "NixOS",
        "ref": "nixpkgs-unstable",
        "repo": "nixpkgs",
        "type": "github"
      }
    },
    "root": {
      "inputs": {
        "anchor": "anchor",
        "crane": "crane",
        "ethereum-nix": "ethereum-nix",
        "fenix": "fenix",
        "nixpkgs": "nixpkgs",
        "solidity-ibc-eureka": "solidity-ibc-eureka",
        "sp1": "sp1"
      }
    },
    "rust-analyzer-src": {
      "flake": false,
      "locked": {
        "lastModified": 1775499626,
        "narHash": "sha256-6PyDFl9fJu12xfdjgEiQKEVjX6/cdkN1DeKRLKwUz44=",
        "owner": "rust-lang",
        "repo": "rust-analyzer",
        "rev": "129f6167ab924c42fb16d4e3d1b31b6e725c7523",
        "type": "github"
      },
      "original": {
        "owner": "rust-lang",
        "ref": "nightly",
        "repo": "rust-analyzer",
        "type": "github"
      }
    },
    "rust-overlay": {
      "inputs": {
        "nixpkgs": [
          "anchor",
          "nixpkgs"
        ]
      },
      "locked": {
        "lastModified": 1773630837,
        "narHash": "sha256-zJhgAGnbVKeBMJOb9ctZm4BGS/Rnrz+5lfSXTVah4HQ=",
        "owner": "oxalica",
        "repo": "rust-overlay",
        "rev": "f600ea449c7b5bb596fa1cf21c871cc5b9e31316",
        "type": "github"
      },
      "original": {
        "owner": "oxalica",
        "repo": "rust-overlay",
        "type": "github"
      }
    },
    "solidity-ibc-eureka": {
      "flake": false,
      "locked": {
        "lastModified": 1773418149,
        "narHash": "sha256-w8yxhusAKHysb2estxKyQdeCgPpxPCG3U9wVN532tFc=",
        "owner": "cosmos",
        "repo": "solidity-ibc-eureka",
        "rev": "86505ac8c69be4e955f8b7d3baafbd0fddaeefee",
        "type": "github"
      },
      "original": {
        "owner": "cosmos",
        "repo": "solidity-ibc-eureka",
        "rev": "86505ac8c69be4e955f8b7d3baafbd0fddaeefee",
        "type": "github"
      }
    },
    "sp1": {
      "inputs": {
        "nixpkgs": [
          "nixpkgs"
        ],
        "systems": "systems_3"
      },
      "locked": {
        "lastModified": 1773845200,
        "narHash": "sha256-SJr5QDM2IZijkYLrZ1D2X1oFqIcwC4fWY7ZyS2l2EkM=",
        "owner": "vaporif",
        "repo": "sp1-overlay",
        "rev": "1a9b7b34cf25bbfe60457129085be726c7801196",
        "type": "github"
      },
      "original": {
        "owner": "vaporif",
        "repo": "sp1-overlay",
        "type": "github"
      }
    },
    "systems": {
      "locked": {
        "lastModified": 1681028828,
        "narHash": "sha256-Vy1rq5AaRuLzOxct8nz4T6wlgyUR7zLU309k9mBC768=",
        "owner": "nix-systems",
        "repo": "default",
        "rev": "da67096a3b9bf56a91d16901293e51ba5b49a27e",
        "type": "github"
      },
      "original": {
        "owner": "nix-systems",
        "repo": "default",
        "type": "github"
      }
    },
    "systems_2": {
      "locked": {
        "lastModified": 1681028828,
        "narHash": "sha256-Vy1rq5AaRuLzOxct8nz4T6wlgyUR7zLU309k9mBC768=",
        "owner": "nix-systems",
        "repo": "default",
        "rev": "da67096a3b9bf56a91d16901293e51ba5b49a27e",
        "type": "github"
      },
      "original": {
        "owner": "nix-systems",
        "repo": "default",
        "type": "github"
      }
    },
    "systems_3": {
      "locked": {
        "lastModified": 1681028828,
        "narHash": "sha256-Vy1rq5AaRuLzOxct8nz4T6wlgyUR7zLU309k9mBC768=",
        "owner": "nix-systems",
        "repo": "default",
        "rev": "da67096a3b9bf56a91d16901293e51ba5b49a27e",
        "type": "github"
      },
      "original": {
        "owner": "nix-systems",
        "repo": "default",
        "type": "github"
      }
    },
    "treefmt-nix": {
      "inputs": {
        "nixpkgs": [
          "ethereum-nix",
          "nixpkgs"
        ]
      },
      "locked": {
        "lastModified": 1775125835,
        "narHash": "sha256-2qYcPgzFhnQWchHo0SlqLHrXpux5i6ay6UHA+v2iH4U=",
        "owner": "numtide",
        "repo": "treefmt-nix",
        "rev": "75925962939880974e3ab417879daffcba36c4a3",
        "type": "github"
      },
      "original": {
        "owner": "numtide",
        "repo": "treefmt-nix",
        "type": "github"
      }
    }
  },
  "root": "root",
  "version": 7
}
